dependencies:
- name: grafana
  repository: https://grafana.github.io/helm-charts
  version: 10.5.15
- name: loki
  repository: https://grafana.github.io/helm-charts
  version: 6.55.0
- name: promtail
  repository: https://grafana.github.io/helm-charts
  version: 6.17.1
digest: sha256:2b29f9b685acfd477c528fb1e5b26e918c5a2ea2efdc7f0b857a37014bd4d1bc
generated: "2026-04-20T16:16:21.685798+02:00"
