dependencies:
- name: falco
  repository: https://falcosecurity.github.io/charts
  version: 8.0.2
- name: falcosidekick
  repository: https://falcosecurity.github.io/charts
  version: 0.13.1
- name: tetragon
  repository: https://helm.cilium.io
  version: 1.6.1
- name: trivy-operator
  repository: https://aquasecurity.github.io/helm-charts
  version: 0.32.1
- name: kyverno
  repository: https://kyverno.github.io/kyverno/
  version: 3.7.1
digest: sha256:1fa9d3c20310dd0d950b93bbfbb44a7461387ed1af856df5c8b543490a63e8fb
generated: "2026-04-21T14:38:35.152851+02:00"
