dependencies:
- name: falco
  repository: https://falcosecurity.github.io/charts
  version: 9.0.0
- name: falcosidekick
  repository: https://falcosecurity.github.io/charts
  version: 0.13.1
- name: tetragon
  repository: https://helm.cilium.io
  version: 1.7.0
- name: trivy-operator
  repository: https://aquasecurity.github.io/helm-charts
  version: 0.32.1
- name: kyverno
  repository: https://kyverno.github.io/kyverno/
  version: 3.8.1
digest: sha256:6b158eb95fd8f31033ba4bad876569ec7134b8c1e7e20dcff8055b35b30c8e06
generated: "2026-05-31T23:02:59.314341+02:00"
